
Microsoft Visual Studio Solution File, Format Version 12.00
# Visual Studio Version 17
VisualStudioVersion = 17.4.33205.214
MinimumVisualStudioVersion = 10.0.40219.1
Project("{9A19103F-16F7-4668-BE54-9A1E7A4F7556}") = "User Registration", "User Registration.csproj", "{01CA2DD1-A21E-4626-A9DB-1C715539CD38}"
EndProject
Project("{FAE04EC0-301F-11D3-BF4B-00C04F79EFBC}") = "PaternTest", "..\PaternTest\PaternTest.csproj", "{50361873-3DF1-497E-AD19-7C6225702C73}"
EndProject
Global
	GlobalSection(SolutionConfigurationPlatforms) = preSolution
		Debug|Any CPU = Debug|Any CPU
		Release|Any CPU = Release|Any CPU
	EndGlobalSection
	GlobalSection(ProjectConfigurationPlatforms) = postSolution
		{01CA2DD1-A21E-4626-A9DB-1C715539CD38}.Debug|Any CPU.ActiveCfg = Debug|Any CPU
		{01CA2DD1-A21E-4626-A9DB-1C715539CD38}.Debug|Any CPU.Build.0 = Debug|Any CPU
		{01CA2DD1-A21E-4626-A9DB-1C715539CD38}.Release|Any CPU.ActiveCfg = Release|Any CPU
		{01CA2DD1-A21E-4626-A9DB-1C715539CD38}.Release|Any CPU.Build.0 = Release|Any CPU
		{50361873-3DF1-497E-AD19-7C6225702C73}.Debug|Any CPU.ActiveCfg = Debug|Any CPU
		{50361873-3DF1-497E-AD19-7C6225702C73}.Debug|Any CPU.Build.0 = Debug|Any CPU
		{50361873-3DF1-497E-AD19-7C6225702C73}.Release|Any CPU.ActiveCfg = Release|Any CPU
		{50361873-3DF1-497E-AD19-7C6225702C73}.Release|Any CPU.Build.0 = Release|Any CPU
	EndGlobalSection
	GlobalSection(SolutionProperties) = preSolution
		HideSolutionNode = FALSE
	EndGlobalSection
	GlobalSection(ExtensibilityGlobals) = postSolution
		SolutionGuid = {BB2A3614-E726-4114-9261-62F6F3BF9107}
	EndGlobalSection
EndGlobal
